
Microsoft Visual Studio Solution File, Format Version 12.00
# Visual Studio 15
VisualStudioVersion = 15.0.27703.2018
MinimumVisualStudioVersion = 10.0.40219.1
Project("{9A19103F-16F7-4668-BE54-9A1E7A4F7556}") = "Connectionstest", "Connectionstest\Connectionstest.csproj", "{67FF8D9E-9889-4AA0-8C7C-7388D41CE329}"
EndProject
Global
	GlobalSection(SolutionConfigurationPlatforms) = preSolution
		Debug|Any CPU = Debug|Any CPU
		Release|Any CPU = Release|Any CPU
	EndGlobalSection
	GlobalSection(ProjectConfigurationPlatforms) = postSolution
		{67FF8D9E-9889-4AA0-8C7C-7388D41CE329}.Debug|Any CPU.ActiveCfg = Debug|Any CPU
		{67FF8D9E-9889-4AA0-8C7C-7388D41CE329}.Debug|Any CPU.Build.0 = Debug|Any CPU
		{67FF8D9E-9889-4AA0-8C7C-7388D41CE329}.Release|Any CPU.ActiveCfg = Release|Any CPU
		{67FF8D9E-9889-4AA0-8C7C-7388D41CE329}.Release|Any CPU.Build.0 = Release|Any CPU
	EndGlobalSection
	GlobalSection(SolutionProperties) = preSolution
		HideSolutionNode = FALSE
	EndGlobalSection
	GlobalSection(ExtensibilityGlobals) = postSolution
		SolutionGuid = {8C71437E-9587-465A-B03D-C4D9A9B3F2C0}
	EndGlobalSection
EndGlobal
